
Microsoft Visual Studio Solution File, Format Version 12.00
# Visual Studio 15
Project("{FAE04EC0-301F-11D3-BF4B-00C04F79EFBC}") = "Assembly-CSharp-firstpass", "Assembly-CSharp-firstpass.csproj", "{A318E291-EE4A-FDD0-E031-C395D21740C9}"
EndProject
Project("{FAE04EC0-301F-11D3-BF4B-00C04F79EFBC}") = "Assembly-CSharp", "Assembly-CSharp.csproj", "{AE5D28F3-FF75-4A69-15C6-B8CD17A5DC20}"
EndProject
Project("{FAE04EC0-301F-11D3-BF4B-00C04F79EFBC}") = "Assembly-CSharp-Editor-firstpass", "Assembly-CSharp-Editor-firstpass.csproj", "{1ED61B86-DA8A-C5CB-D5C8-4157D58DC2B1}"
EndProject
Global
	GlobalSection(SolutionConfigurationPlatforms) = preSolution
		Debug|Any CPU = Debug|Any CPU
		Release|Any CPU = Release|Any CPU
	EndGlobalSection
	GlobalSection(ProjectConfigurationPlatforms) = postSolution
		{A318E291-EE4A-FDD0-E031-C395D21740C9}.Debug|Any CPU.ActiveCfg = Debug|Any CPU
		{A318E291-EE4A-FDD0-E031-C395D21740C9}.Debug|Any CPU.Build.0 = Debug|Any CPU
		{A318E291-EE4A-FDD0-E031-C395D21740C9}.Release|Any CPU.ActiveCfg = Release|Any CPU
		{A318E291-EE4A-FDD0-E031-C395D21740C9}.Release|Any CPU.Build.0 = Release|Any CPU
		{AE5D28F3-FF75-4A69-15C6-B8CD17A5DC20}.Debug|Any CPU.ActiveCfg = Debug|Any CPU
		{AE5D28F3-FF75-4A69-15C6-B8CD17A5DC20}.Debug|Any CPU.Build.0 = Debug|Any CPU
		{AE5D28F3-FF75-4A69-15C6-B8CD17A5DC20}.Release|Any CPU.ActiveCfg = Release|Any CPU
		{AE5D28F3-FF75-4A69-15C6-B8CD17A5DC20}.Release|Any CPU.Build.0 = Release|Any CPU
		{1ED61B86-DA8A-C5CB-D5C8-4157D58DC2B1}.Debug|Any CPU.ActiveCfg = Debug|Any CPU
		{1ED61B86-DA8A-C5CB-D5C8-4157D58DC2B1}.Debug|Any CPU.Build.0 = Debug|Any CPU
		{1ED61B86-DA8A-C5CB-D5C8-4157D58DC2B1}.Release|Any CPU.ActiveCfg = Release|Any CPU
		{1ED61B86-DA8A-C5CB-D5C8-4157D58DC2B1}.Release|Any CPU.Build.0 = Release|Any CPU
	EndGlobalSection
	GlobalSection(SolutionProperties) = preSolution
		HideSolutionNode = FALSE
	EndGlobalSection
EndGlobal
